// !$*UTF8*$!
{
	archiveVersion = 1;
	classes = {
	};
	objectVersion = 50;
	objects = {

/* Begin PBXBuildFile section */
		20A21B69B23563F100A18217 /* Pods_POIsUITests.framework in Frameworks */ = {isa = PBXBuildFile; fileRef = FD59296556520FC2A7F25FA5 /* Pods_POIsUITests.framework */; };
		334070B1217B8C2400A4C558 /* POIMarker.swift in Sources */ = {isa = PBXBuildFile; fileRef = 334070B0217B8C2400A4C558 /* POIMarker.swift */; };
		334070B3217B902B00A4C558 /* Location.gpx in Resources */ = {isa = PBXBuildFile; fileRef = 334070B2217B902B00A4C558 /* Location.gpx */; };
		334070B5217B915300A4C558 /* POIMarkerView.swift in Sources */ = {isa = PBXBuildFile; fileRef = 334070B4217B915300A4C558 /* POIMarkerView.swift */; };
		334070B7217B917700A4C558 /* POIMarkerView.xib in Resources */ = {isa = PBXBuildFile; fileRef = 334070B6217B917700A4C558 /* POIMarkerView.xib */; };
		334070BA217B92EF00A4C558 /* UIView.swift in Sources */ = {isa = PBXBuildFile; fileRef = 334070B9217B92EF00A4C558 /* UIView.swift */; };
		334070BC217BA31800A4C558 /* GMSMarker.swift in Sources */ = {isa = PBXBuildFile; fileRef = 334070BB217BA31800A4C558 /* GMSMarker.swift */; };
		334070C0217BA84700A4C558 /* POIServiceApiTest.swift in Sources */ = {isa = PBXBuildFile; fileRef = 334070BF217BA84700A4C558 /* POIServiceApiTest.swift */; };
		334070C2217BA8ED00A4C558 /* MockedServiceRequester.swift in Sources */ = {isa = PBXBuildFile; fileRef = 334070C1217BA8ED00A4C558 /* MockedServiceRequester.swift */; };
		334070C5217BAA4400A4C558 /* POIListViewModelTest.swift in Sources */ = {isa = PBXBuildFile; fileRef = 334070C4217BAA4400A4C558 /* POIListViewModelTest.swift */; };
		334070C7217BAB0300A4C558 /* MockedPOIServiceApi.swift in Sources */ = {isa = PBXBuildFile; fileRef = 334070C6217BAB0300A4C558 /* MockedPOIServiceApi.swift */; };
		33674877217B4F890011725A /* POI.swift in Sources */ = {isa = PBXBuildFile; fileRef = 33674876217B4F890011725A /* POI.swift */; };
		3367487B217B60C50011725A /* ServiceRequester.swift in Sources */ = {isa = PBXBuildFile; fileRef = 3367487A217B60C50011725A /* ServiceRequester.swift */; };
		3367487E217B6A040011725A /* POIServiceApi.swift in Sources */ = {isa = PBXBuildFile; fileRef = 3367487D217B6A040011725A /* POIServiceApi.swift */; };
		33674882217B6E7E0011725A /* APIError.swift in Sources */ = {isa = PBXBuildFile; fileRef = 33674881217B6E7E0011725A /* APIError.swift */; };
		33674885217B70380011725A /* POIListViewModel.swift in Sources */ = {isa = PBXBuildFile; fileRef = 33674884217B70380011725A /* POIListViewModel.swift */; };
		33674888217B70E00011725A /* OptionalValueBinder.swift in Sources */ = {isa = PBXBuildFile; fileRef = 33674887217B70E00011725A /* OptionalValueBinder.swift */; };
		3367488A217B74210011725A /* Factorable.swift in Sources */ = {isa = PBXBuildFile; fileRef = 33674889217B74210011725A /* Factorable.swift */; };
		33A21F89217B43D800CAA458 /* POIListViewController.swift in Sources */ = {isa = PBXBuildFile; fileRef = 33A21F88217B43D800CAA458 /* POIListViewController.swift */; };
		33B2B69B217B418A00C3E887 /* AppDelegate.swift in Sources */ = {isa = PBXBuildFile; fileRef = 33B2B69A217B418A00C3E887 /* AppDelegate.swift */; };
		33B2B6A0217B418A00C3E887 /* POIList.storyboard in Resources */ = {isa = PBXBuildFile; fileRef = 33B2B69E217B418A00C3E887 /* POIList.storyboard */; };
		33B2B6A2217B418B00C3E887 /* Assets.xcassets in Resources */ = {isa = PBXBuildFile; fileRef = 33B2B6A1217B418B00C3E887 /* Assets.xcassets */; };
		33B2B6A5217B418B00C3E887 /* LaunchScreen.storyboard in Resources */ = {isa = PBXBuildFile; fileRef = 33B2B6A3217B418B00C3E887 /* LaunchScreen.storyboard */; };
		33B2B6B0217B418B00C3E887 /* POIsTests.swift in Sources */ = {isa = PBXBuildFile; fileRef = 33B2B6AF217B418B00C3E887 /* POIsTests.swift */; };
		33B2B6BB217B418B00C3E887 /* POIsUITests.swift in Sources */ = {isa = PBXBuildFile; fileRef = 33B2B6BA217B418B00C3E887 /* POIsUITests.swift */; };
		A2E40D8C956D206FED2FB0AB /* Pods_POIsTests.framework in Frameworks */ = {isa = PBXBuildFile; fileRef = 2D62B282935F58FCB0CB4C7C /* Pods_POIsTests.framework */; };
		E71318D7ADEA7D4F6E5CF2E0 /* Pods_POIs.framework in Frameworks */ = {isa = PBXBuildFile; fileRef = 4706A3A27B2990813D13E34C /* Pods_POIs.framework */; };
/* End PBXBuildFile section */

/* Begin PBXContainerItemProxy section */
		33B2B6AC217B418B00C3E887 /* PBXContainerItemProxy */ = {
			isa = PBXContainerItemProxy;
			containerPortal = 33B2B68F217B418A00C3E887 /* Project object */;
			proxyType = 1;
			remoteGlobalIDString = 33B2B696217B418A00C3E887;
			remoteInfo = POIs;
		};
		33B2B6B7217B418B00C3E887 /* PBXContainerItemProxy */ = {
			isa = PBXContainerItemProxy;
			containerPortal = 33B2B68F217B418A00C3E887 /* Project object */;
			proxyType = 1;
			remoteGlobalIDString = 33B2B696217B418A00C3E887;
			remoteInfo = POIs;
		};
/* End PBXContainerItemProxy section */

/* Begin PBXFileReference section */
		2D62B282935F58FCB0CB4C7C /* Pods_POIsTests.framework */ = {isa = PBXFileReference; explicitFileType = wrapper.framework; includeInIndex = 0; path = Pods_POIsTests.framework; sourceTree = BUILT_PRODUCTS_DIR; };
		334070B0217B8C2400A4C558 /* POIMarker.swift */ = {isa = PBXFileReference; lastKnownFileType = sourcecode.swift; path = POIMarker.swift; sourceTree = "<group>"; };
		334070B2217B902B00A4C558 /* Location.gpx */ = {isa = PBXFileReference; fileEncoding = 4; lastKnownFileType = text.xml; path = Location.gpx; sourceTree = "<group>"; };
		334070B4217B915300A4C558 /* POIMarkerView.swift */ = {isa = PBXFileReference; lastKnownFileType = sourcecode.swift; path = POIMarkerView.swift; sourceTree = "<group>"; };
		334070B6217B917700A4C558 /* POIMarkerView.xib */ = {isa = PBXFileReference; lastKnownFileType = file.xib; path = POIMarkerView.xib; sourceTree = "<group>"; };
		334070B9217B92EF00A4C558 /* UIView.swift */ = {isa = PBXFileReference; lastKnownFileType = sourcecode.swift; path = UIView.swift; sourceTree = "<group>"; };
		334070BB217BA31800A4C558 /* GMSMarker.swift */ = {isa = PBXFileReference; lastKnownFileType = sourcecode.swift; path = GMSMarker.swift; sourceTree = "<group>"; };
		334070BF217BA84700A4C558 /* POIServiceApiTest.swift */ = {isa = PBXFileReference; lastKnownFileType = sourcecode.swift; path = POIServiceApiTest.swift; sourceTree = "<group>"; };
		334070C1217BA8ED00A4C558 /* MockedServiceRequester.swift */ = {isa = PBXFileReference; lastKnownFileType = sourcecode.swift; path = MockedServiceRequester.swift; sourceTree = "<group>"; };
		334070C4217BAA4400A4C558 /* POIListViewModelTest.swift */ = {isa = PBXFileReference; lastKnownFileType = sourcecode.swift; path = POIListViewModelTest.swift; sourceTree = "<group>"; };
		334070C6217BAB0300A4C558 /* MockedPOIServiceApi.swift */ = {isa = PBXFileReference; lastKnownFileType = sourcecode.swift; path = MockedPOIServiceApi.swift; sourceTree = "<group>"; };
		33674876217B4F890011725A /* POI.swift */ = {isa = PBXFileReference; lastKnownFileType = sourcecode.swift; path = POI.swift; sourceTree = "<group>"; };
		3367487A217B60C50011725A /* ServiceRequester.swift */ = {isa = PBXFileReference; lastKnownFileType = sourcecode.swift; path = ServiceRequester.swift; sourceTree = "<group>"; };
		3367487D217B6A040011725A /* POIServiceApi.swift */ = {isa = PBXFileReference; lastKnownFileType = sourcecode.swift; path = POIServiceApi.swift; sourceTree = "<group>"; };
		33674881217B6E7E0011725A /* APIError.swift */ = {isa = PBXFileReference; lastKnownFileType = sourcecode.swift; path = APIError.swift; sourceTree = "<group>"; };
		33674884217B70380011725A /* POIListViewModel.swift */ = {isa = PBXFileReference; lastKnownFileType = sourcecode.swift; path = POIListViewModel.swift; sourceTree = "<group>"; };
		33674887217B70E00011725A /* OptionalValueBinder.swift */ = {isa = PBXFileReference; lastKnownFileType = sourcecode.swift; path = OptionalValueBinder.swift; sourceTree = "<group>"; };
		33674889217B74210011725A /* Factorable.swift */ = {isa = PBXFileReference; lastKnownFileType = sourcecode.swift; path = Factorable.swift; sourceTree = "<group>"; };
		33A21F88217B43D800CAA458 /* POIListViewController.swift */ = {isa = PBXFileReference; lastKnownFileType = sourcecode.swift; path = POIListViewController.swift; sourceTree = "<group>"; };
		33B2B697217B418A00C3E887 /* POIs.app */ = {isa = PBXFileReference; explicitFileType = wrapper.application; includeInIndex = 0; path = POIs.app; sourceTree = BUILT_PRODUCTS_DIR; };
		33B2B69A217B418A00C3E887 /* AppDelegate.swift */ = {isa = PBXFileReference; lastKnownFileType = sourcecode.swift; path = AppDelegate.swift; sourceTree = "<group>"; };
		33B2B69F217B418A00C3E887 /* Base */ = {isa = PBXFileReference; lastKnownFileType = file.storyboard; name = Base; path = Base.lproj/POIList.storyboard; sourceTree = "<group>"; };
		33B2B6A1217B418B00C3E887 /* Assets.xcassets */ = {isa = PBXFileReference; lastKnownFileType = folder.assetcatalog; path = Assets.xcassets; sourceTree = "<group>"; };
		33B2B6A4217B418B00C3E887 /* Base */ = {isa = PBXFileReference; lastKnownFileType = file.storyboard; name = Base; path = Base.lproj/LaunchScreen.storyboard; sourceTree = "<group>"; };
		33B2B6A6217B418B00C3E887 /* Info.plist */ = {isa = PBXFileReference; lastKnownFileType = text.plist.xml; path = Info.plist; sourceTree = "<group>"; };
		33B2B6AB217B418B00C3E887 /* POIsTests.xctest */ = {isa = PBXFileReference; explicitFileType = wrapper.cfbundle; includeInIndex = 0; path = POIsTests.xctest; sourceTree = BUILT_PRODUCTS_DIR; };
		33B2B6AF217B418B00C3E887 /* POIsTests.swift */ = {isa = PBXFileReference; lastKnownFileType = sourcecode.swift; path = POIsTests.swift; sourceTree = "<group>"; };
		33B2B6B1217B418B00C3E887 /* Info.plist */ = {isa = PBXFileReference; lastKnownFileType = text.plist.xml; path = Info.plist; sourceTree = "<group>"; };
		33B2B6B6217B418B00C3E887 /* POIsUITests.xctest */ = {isa = PBXFileReference; explicitFileType = wrapper.cfbundle; includeInIndex = 0; path = POIsUITests.xctest; sourceTree = BUILT_PRODUCTS_DIR; };
		33B2B6BA217B418B00C3E887 /* POIsUITests.swift */ = {isa = PBXFileReference; lastKnownFileType = sourcecode.swift; path = POIsUITests.swift; sourceTree = "<group>"; };
		33B2B6BC217B418B00C3E887 /* Info.plist */ = {isa = PBXFileReference; lastKnownFileType = text.plist.xml; path = Info.plist; sourceTree = "<group>"; };
		4706A3A27B2990813D13E34C /* Pods_POIs.framework */ = {isa = PBXFileReference; explicitFileType = wrapper.framework; includeInIndex = 0; path = Pods_POIs.framework; sourceTree = BUILT_PRODUCTS_DIR; };
		483172D35F4EBBD13F17486C /* Pods-POIs.debug.xcconfig */ = {isa = PBXFileReference; includeInIndex = 1; lastKnownFileType = text.xcconfig; name = "Pods-POIs.debug.xcconfig"; path = "Pods/Target Support Files/Pods-POIs/Pods-POIs.debug.xcconfig"; sourceTree = "<group>"; };
		5A9307EF25D82D09A6203200 /* Pods-POIsTests.release.xcconfig */ = {isa = PBXFileReference; includeInIndex = 1; lastKnownFileType = text.xcconfig; name = "Pods-POIsTests.release.xcconfig"; path = "Pods/Target Support Files/Pods-POIsTests/Pods-POIsTests.release.xcconfig"; sourceTree = "<group>"; };
		7D8ED7AF85EC702FDD328EA8 /* Pods-POIsUITests.release.xcconfig */ = {isa = PBXFileReference; includeInIndex = 1; lastKnownFileType = text.xcconfig; name = "Pods-POIsUITests.release.xcconfig"; path = "Pods/Target Support Files/Pods-POIsUITests/Pods-POIsUITests.release.xcconfig"; sourceTree = "<group>"; };
		90020A228E30686A5B9D2E29 /* Pods-POIs.release.xcconfig */ = {isa = PBXFileReference; includeInIndex = 1; lastKnownFileType = text.xcconfig; name = "Pods-POIs.release.xcconfig"; path = "Pods/Target Support Files/Pods-POIs/Pods-POIs.release.xcconfig"; sourceTree = "<group>"; };
		91E4415CC50A3EEFB60B52AB /* Pods-POIsUITests.debug.xcconfig */ = {isa = PBXFileReference; includeInIndex = 1; lastKnownFileType = text.xcconfig; name = "Pods-POIsUITests.debug.xcconfig"; path = "Pods/Target Support Files/Pods-POIsUITests/Pods-POIsUITests.debug.xcconfig"; sourceTree = "<group>"; };
		D0CA897C0820F6F616A2096E /* Pods-POIsTests.debug.xcconfig */ = {isa = PBXFileReference; includeInIndex = 1; lastKnownFileType = text.xcconfig; name = "Pods-POIsTests.debug.xcconfig"; path = "Pods/Target Support Files/Pods-POIsTests/Pods-POIsTests.debug.xcconfig"; sourceTree = "<group>"; };
		FD59296556520FC2A7F25FA5 /* Pods_POIsUITests.framework */ = {isa = PBXFileReference; explicitFileType = wrapper.framework; includeInIndex = 0; path = Pods_POIsUITests.framework; sourceTree = BUILT_PRODUCTS_DIR; };
/* End PBXFileReference section */

/* Begin PBXFrameworksBuildPhase section */
		33B2B694217B418A00C3E887 /* Frameworks */ = {
			isa = PBXFrameworksBuildPhase;
			buildActionMask = 2147483647;
			files = (
				E71318D7ADEA7D4F6E5CF2E0 /* Pods_POIs.framework in Frameworks */,
			);
			runOnlyForDeploymentPostprocessing = 0;
		};
		33B2B6A8217B418B00C3E887 /* Frameworks */ = {
			isa = PBXFrameworksBuildPhase;
			buildActionMask = 2147483647;
			files = (
				A2E40D8C956D206FED2FB0AB /* Pods_POIsTests.framework in Frameworks */,
			);
			runOnlyForDeploymentPostprocessing = 0;
		};
		33B2B6B3217B418B00C3E887 /* Frameworks */ = {
			isa = PBXFrameworksBuildPhase;
			buildActionMask = 2147483647;
			files = (
				20A21B69B23563F100A18217 /* Pods_POIsUITests.framework in Frameworks */,
			);
			runOnlyForDeploymentPostprocessing = 0;
		};
/* End PBXFrameworksBuildPhase section */

/* Begin PBXGroup section */
		334070B8217B92E100A4C558 /* Extension */ = {
			isa = PBXGroup;
			children = (
				334070B9217B92EF00A4C558 /* UIView.swift */,
				334070BB217BA31800A4C558 /* GMSMarker.swift */,
			);
			path = Extension;
			sourceTree = "<group>";
		};
		334070BD217BA82F00A4C558 /* Service */ = {
			isa = PBXGroup;
			children = (
				334070BF217BA84700A4C558 /* POIServiceApiTest.swift */,
			);
			path = Service;
			sourceTree = "<group>";
		};
		334070BE217BA83600A4C558 /* Mock */ = {
			isa = PBXGroup;
			children = (
				334070C1217BA8ED00A4C558 /* MockedServiceRequester.swift */,
				334070C6217BAB0300A4C558 /* MockedPOIServiceApi.swift */,
			);
			path = Mock;
			sourceTree = "<group>";
		};
		334070C3217BAA3600A4C558 /* ViewModel */ = {
			isa = PBXGroup;
			children = (
				334070C4217BAA4400A4C558 /* POIListViewModelTest.swift */,
			);
			path = ViewModel;
			sourceTree = "<group>";
		};
		33674879217B5FD40011725A /* Service */ = {
			isa = PBXGroup;
			children = (
				3367487A217B60C50011725A /* ServiceRequester.swift */,
				3367487D217B6A040011725A /* POIServiceApi.swift */,
				33674881217B6E7E0011725A /* APIError.swift */,
			);
			path = Service;
			sourceTree = "<group>";
		};
		33674883217B702B0011725A /* POIList */ = {
			isa = PBXGroup;
			children = (
				33674884217B70380011725A /* POIListViewModel.swift */,
			);
			path = POIList;
			sourceTree = "<group>";
		};
		33674886217B70D50011725A /* Utility */ = {
			isa = PBXGroup;
			children = (
				33674887217B70E00011725A /* OptionalValueBinder.swift */,
				33674889217B74210011725A /* Factorable.swift */,
			);
			path = Utility;
			sourceTree = "<group>";
		};
		33A21F81217B427300CAA458 /* Engine */ = {
			isa = PBXGroup;
			children = (
				334070B8217B92E100A4C558 /* Extension */,
				33674886217B70D50011725A /* Utility */,
				33674879217B5FD40011725A /* Service */,
			);
			path = Engine;
			sourceTree = "<group>";
		};
		33A21F82217B42C200CAA458 /* Model */ = {
			isa = PBXGroup;
			children = (
				33674876217B4F890011725A /* POI.swift */,
			);
			path = Model;
			sourceTree = "<group>";
		};
		33A21F83217B42C900CAA458 /* Resource */ = {
			isa = PBXGroup;
			children = (
				33B2B6A1217B418B00C3E887 /* Assets.xcassets */,
				334070B2217B902B00A4C558 /* Location.gpx */,
			);
			path = Resource;
			sourceTree = "<group>";
		};
		33A21F84217B42D200CAA458 /* Storyboard */ = {
			isa = PBXGroup;
			children = (
				33B2B69E217B418A00C3E887 /* POIList.storyboard */,
				33B2B6A3217B418B00C3E887 /* LaunchScreen.storyboard */,
			);
			path = Storyboard;
			sourceTree = "<group>";
		};
		33A21F85217B42DA00CAA458 /* View */ = {
			isa = PBXGroup;
			children = (
				33A21F87217B42FB00CAA458 /* POIList */,
			);
			path = View;
			sourceTree = "<group>";
		};
		33A21F86217B42E100CAA458 /* ViewModel */ = {
			isa = PBXGroup;
			children = (
				33674883217B702B0011725A /* POIList */,
			);
			path = ViewModel;
			sourceTree = "<group>";
		};
		33A21F87217B42FB00CAA458 /* POIList */ = {
			isa = PBXGroup;
			children = (
				334070B4217B915300A4C558 /* POIMarkerView.swift */,
				334070B6217B917700A4C558 /* POIMarkerView.xib */,
				334070B0217B8C2400A4C558 /* POIMarker.swift */,
				33A21F88217B43D800CAA458 /* POIListViewController.swift */,
			);
			path = POIList;
			sourceTree = "<group>";
		};
		33B2B68E217B418A00C3E887 = {
			isa = PBXGroup;
			children = (
				33B2B699217B418A00C3E887 /* POIs */,
				33B2B6AE217B418B00C3E887 /* POIsTests */,
				33B2B6B9217B418B00C3E887 /* POIsUITests */,
				33B2B698217B418A00C3E887 /* Products */,
				AB43FADD74089626B20A52D7 /* Pods */,
				69E506EB38C5DF87383B5114 /* Frameworks */,
			);
			sourceTree = "<group>";
		};
		33B2B698217B418A00C3E887 /* Products */ = {
			isa = PBXGroup;
			children = (
				33B2B697217B418A00C3E887 /* POIs.app */,
				33B2B6AB217B418B00C3E887 /* POIsTests.xctest */,
				33B2B6B6217B418B00C3E887 /* POIsUITests.xctest */,
			);
			name = Products;
			sourceTree = "<group>";
		};
		33B2B699217B418A00C3E887 /* POIs */ = {
			isa = PBXGroup;
			children = (
				33A21F82217B42C200CAA458 /* Model */,
				33A21F81217B427300CAA458 /* Engine */,
				33A21F86217B42E100CAA458 /* ViewModel */,
				33A21F85217B42DA00CAA458 /* View */,
				33A21F84217B42D200CAA458 /* Storyboard */,
				33A21F83217B42C900CAA458 /* Resource */,
				33B2B69A217B418A00C3E887 /* AppDelegate.swift */,
				33B2B6A6217B418B00C3E887 /* Info.plist */,
			);
			path = POIs;
			sourceTree = "<group>";
		};
		33B2B6AE217B418B00C3E887 /* POIsTests */ = {
			isa = PBXGroup;
			children = (
				33B2B6AF217B418B00C3E887 /* POIsTests.swift */,
				334070BE217BA83600A4C558 /* Mock */,
				334070BD217BA82F00A4C558 /* Service */,
				334070C3217BAA3600A4C558 /* ViewModel */,
				33B2B6B1217B418B00C3E887 /* Info.plist */,
			);
			path = POIsTests;
			sourceTree = "<group>";
		};
		33B2B6B9217B418B00C3E887 /* POIsUITests */ = {
			isa = PBXGroup;
			children = (
				33B2B6BA217B418B00C3E887 /* POIsUITests.swift */,
				33B2B6BC217B418B00C3E887 /* Info.plist */,
			);
			path = POIsUITests;
			sourceTree = "<group>";
		};
		69E506EB38C5DF87383B5114 /* Frameworks */ = {
			isa = PBXGroup;
			children = (
				4706A3A27B2990813D13E34C /* Pods_POIs.framework */,
				2D62B282935F58FCB0CB4C7C /* Pods_POIsTests.framework */,
				FD59296556520FC2A7F25FA5 /* Pods_POIsUITests.framework */,
			);
			name = Frameworks;
			sourceTree = "<group>";
		};
		AB43FADD74089626B20A52D7 /* Pods */ = {
			isa = PBXGroup;
			children = (
				483172D35F4EBBD13F17486C /* Pods-POIs.debug.xcconfig */,
				90020A228E30686A5B9D2E29 /* Pods-POIs.release.xcconfig */,
				D0CA897C0820F6F616A2096E /* Pods-POIsTests.debug.xcconfig */,
				5A9307EF25D82D09A6203200 /* Pods-POIsTests.release.xcconfig */,
				91E4415CC50A3EEFB60B52AB /* Pods-POIsUITests.debug.xcconfig */,
				7D8ED7AF85EC702FDD328EA8 /* Pods-POIsUITests.release.xcconfig */,
			);
			name = Pods;
			sourceTree = "<group>";
		};
/* End PBXGroup section */

/* Begin PBXNativeTarget section */
		33B2B696217B418A00C3E887 /* POIs */ = {
			isa = PBXNativeTarget;
			buildConfigurationList = 33B2B6BF217B418B00C3E887 /* Build configuration list for PBXNativeTarget "POIs" */;
			buildPhases = (
				82318C739639BD15F1F86C2D /* [CP] Check Pods Manifest.lock */,
				33B2B693217B418A00C3E887 /* Sources */,
				33B2B694217B418A00C3E887 /* Frameworks */,
				33B2B695217B418A00C3E887 /* Resources */,
				F30AC29E35B594FE1CFE18C2 /* [CP] Copy Pods Resources */,
				197119443C4DC3D4BD254226 /* [CP] Embed Pods Frameworks */,
			);
			buildRules = (
			);
			dependencies = (
			);
			name = POIs;
			productName = POIs;
			productReference = 33B2B697217B418A00C3E887 /* POIs.app */;
			productType = "com.apple.product-type.application";
		};
		33B2B6AA217B418B00C3E887 /* POIsTests */ = {
			isa = PBXNativeTarget;
			buildConfigurationList = 33B2B6C2217B418B00C3E887 /* Build configuration list for PBXNativeTarget "POIsTests" */;
			buildPhases = (
				97580738570241AE26C9F64E /* [CP] Check Pods Manifest.lock */,
				33B2B6A7217B418B00C3E887 /* Sources */,
				33B2B6A8217B418B00C3E887 /* Frameworks */,
				33B2B6A9217B418B00C3E887 /* Resources */,
			);
			buildRules = (
			);
			dependencies = (
				33B2B6AD217B418B00C3E887 /* PBXTargetDependency */,
			);
			name = POIsTests;
			productName = POIsTests;
			productReference = 33B2B6AB217B418B00C3E887 /* POIsTests.xctest */;
			productType = "com.apple.product-type.bundle.unit-test";
		};
		33B2B6B5217B418B00C3E887 /* POIsUITests */ = {
			isa = PBXNativeTarget;
			buildConfigurationList = 33B2B6C5217B418B00C3E887 /* Build configuration list for PBXNativeTarget "POIsUITests" */;
			buildPhases = (
				C9C59849FECDDFCDCDD2D151 /* [CP] Check Pods Manifest.lock */,
				33B2B6B2217B418B00C3E887 /* Sources */,
				33B2B6B3217B418B00C3E887 /* Frameworks */,
				33B2B6B4217B418B00C3E887 /* Resources */,
			);
			buildRules = (
			);
			dependencies = (
				33B2B6B8217B418B00C3E887 /* PBXTargetDependency */,
			);
			name = POIsUITests;
			productName = POIsUITests;
			productReference = 33B2B6B6217B418B00C3E887 /* POIsUITests.xctest */;
			productType = "com.apple.product-type.bundle.ui-testing";
		};
/* End PBXNativeTarget section */

/* Begin PBXProject section */
		33B2B68F217B418A00C3E887 /* Project object */ = {
			isa = PBXProject;
			attributes = {
				LastSwiftUpdateCheck = 1000;
				LastUpgradeCheck = 1000;
				ORGANIZATIONNAME = levantAJ;
				TargetAttributes = {
					33B2B696217B418A00C3E887 = {
						CreatedOnToolsVersion = 10.0;
						LastSwiftMigration = 1000;
					};
					33B2B6AA217B418B00C3E887 = {
						CreatedOnToolsVersion = 10.0;
						TestTargetID = 33B2B696217B418A00C3E887;
					};
					33B2B6B5217B418B00C3E887 = {
						CreatedOnToolsVersion = 10.0;
						TestTargetID = 33B2B696217B418A00C3E887;
					};
				};
			};
			buildConfigurationList = 33B2B692217B418A00C3E887 /* Build configuration list for PBXProject "POIs" */;
			compatibilityVersion = "Xcode 9.3";
			developmentRegion = en;
			hasScannedForEncodings = 0;
			knownRegions = (
				en,
				Base,
			);
			mainGroup = 33B2B68E217B418A00C3E887;
			productRefGroup = 33B2B698217B418A00C3E887 /* Products */;
			projectDirPath = "";
			projectRoot = "";
			targets = (
				33B2B696217B418A00C3E887 /* POIs */,
				33B2B6AA217B418B00C3E887 /* POIsTests */,
				33B2B6B5217B418B00C3E887 /* POIsUITests */,
			);
		};
/* End PBXProject section */

/* Begin PBXResourcesBuildPhase section */
		33B2B695217B418A00C3E887 /* Resources */ = {
			isa = PBXResourcesBuildPhase;
			buildActionMask = 2147483647;
			files = (
				334070B7217B917700A4C558 /* POIMarkerView.xib in Resources */,
				33B2B6A5217B418B00C3E887 /* LaunchScreen.storyboard in Resources */,
				33B2B6A2217B418B00C3E887 /* Assets.xcassets in Resources */,
				334070B3217B902B00A4C558 /* Location.gpx in Resources */,
				33B2B6A0217B418A00C3E887 /* POIList.storyboard in Resources */,
			);
			runOnlyForDeploymentPostprocessing = 0;
		};
		33B2B6A9217B418B00C3E887 /* Resources */ = {
			isa = PBXResourcesBuildPhase;
			buildActionMask = 2147483647;
			files = (
			);
			runOnlyForDeploymentPostprocessing = 0;
		};
		33B2B6B4217B418B00C3E887 /* Resources */ = {
			isa = PBXResourcesBuildPhase;
			buildActionMask = 2147483647;
			files = (
			);
			runOnlyForDeploymentPostprocessing = 0;
		};
/* End PBXResourcesBuildPhase section */

/* Begin PBXShellScriptBuildPhase section */
		197119443C4DC3D4BD254226 /* [CP] Embed Pods Frameworks */ = {
			isa = PBXShellScriptBuildPhase;
			buildActionMask = 2147483647;
			files = (
			);
			inputPaths = (
				"${SRCROOT}/Pods/Target Support Files/Pods-POIs/Pods-POIs-frameworks.sh",
				"${BUILT_PRODUCTS_DIR}/Alamofire/Alamofire.framework",
			);
			name = "[CP] Embed Pods Frameworks";
			outputPaths = (
				"${TARGET_BUILD_DIR}/${FRAMEWORKS_FOLDER_PATH}/Alamofire.framework",
			);
			runOnlyForDeploymentPostprocessing = 0;
			shellPath = /bin/sh;
			shellScript = "\"${SRCROOT}/Pods/Target Support Files/Pods-POIs/Pods-POIs-frameworks.sh\"\n";
			showEnvVarsInLog = 0;
		};
		82318C739639BD15F1F86C2D /* [CP] Check Pods Manifest.lock */ = {
			isa = PBXShellScriptBuildPhase;
			buildActionMask = 2147483647;
			files = (
			);
			inputPaths = (
				"${PODS_PODFILE_DIR_PATH}/Podfile.lock",
				"${PODS_ROOT}/Manifest.lock",
			);
			name = "[CP] Check Pods Manifest.lock";
			outputPaths = (
				"$(DERIVED_FILE_DIR)/Pods-POIs-checkManifestLockResult.txt",
			);
			runOnlyForDeploymentPostprocessing = 0;
			shellPath = /bin/sh;
			shellScript = "diff \"${PODS_PODFILE_DIR_PATH}/Podfile.lock\" \"${PODS_ROOT}/Manifest.lock\" > /dev/null\nif [ $? != 0 ] ; then\n    # print error to STDERR\n    echo \"error: The sandbox is not in sync with the Podfile.lock. Run 'pod install' or update your CocoaPods installation.\" >&2\n    exit 1\nfi\n# This output is used by Xcode 'outputs' to avoid re-running this script phase.\necho \"SUCCESS\" > \"${SCRIPT_OUTPUT_FILE_0}\"\n";
			showEnvVarsInLog = 0;
		};
		97580738570241AE26C9F64E /* [CP] Check Pods Manifest.lock */ = {
			isa = PBXShellScriptBuildPhase;
			buildActionMask = 2147483647;
			files = (
			);
			inputPaths = (
				"${PODS_PODFILE_DIR_PATH}/Podfile.lock",
				"${PODS_ROOT}/Manifest.lock",
			);
			name = "[CP] Check Pods Manifest.lock";
			outputPaths = (
				"$(DERIVED_FILE_DIR)/Pods-POIsTests-checkManifestLockResult.txt",
			);
			runOnlyForDeploymentPostprocessing = 0;
			shellPath = /bin/sh;
			shellScript = "diff \"${PODS_PODFILE_DIR_PATH}/Podfile.lock\" \"${PODS_ROOT}/Manifest.lock\" > /dev/null\nif [ $? != 0 ] ; then\n    # print error to STDERR\n    echo \"error: The sandbox is not in sync with the Podfile.lock. Run 'pod install' or update your CocoaPods installation.\" >&2\n    exit 1\nfi\n# This output is used by Xcode 'outputs' to avoid re-running this script phase.\necho \"SUCCESS\" > \"${SCRIPT_OUTPUT_FILE_0}\"\n";
			showEnvVarsInLog = 0;
		};
		C9C59849FECDDFCDCDD2D151 /* [CP] Check Pods Manifest.lock */ = {
			isa = PBXShellScriptBuildPhase;
			buildActionMask = 2147483647;
			files = (
			);
			inputPaths = (
				"${PODS_PODFILE_DIR_PATH}/Podfile.lock",
				"${PODS_ROOT}/Manifest.lock",
			);
			name = "[CP] Check Pods Manifest.lock";
			outputPaths = (
				"$(DERIVED_FILE_DIR)/Pods-POIsUITests-checkManifestLockResult.txt",
			);
			runOnlyForDeploymentPostprocessing = 0;
			shellPath = /bin/sh;
			shellScript = "diff \"${PODS_PODFILE_DIR_PATH}/Podfile.lock\" \"${PODS_ROOT}/Manifest.lock\" > /dev/null\nif [ $? != 0 ] ; then\n    # print error to STDERR\n    echo \"error: The sandbox is not in sync with the Podfile.lock. Run 'pod install' or update your CocoaPods installation.\" >&2\n    exit 1\nfi\n# This output is used by Xcode 'outputs' to avoid re-running this script phase.\necho \"SUCCESS\" > \"${SCRIPT_OUTPUT_FILE_0}\"\n";
			showEnvVarsInLog = 0;
		};
		F30AC29E35B594FE1CFE18C2 /* [CP] Copy Pods Resources */ = {
			isa = PBXShellScriptBuildPhase;
			buildActionMask = 2147483647;
			files = (
			);
			inputPaths = (
				"${SRCROOT}/Pods/Target Support Files/Pods-POIs/Pods-POIs-resources.sh",
				"${PODS_ROOT}/GoogleMaps/Maps/Frameworks/GoogleMaps.framework/Resources/GoogleMaps.bundle",
			);
			name = "[CP] Copy Pods Resources";
			outputPaths = (
				"${TARGET_BUILD_DIR}/${UNLOCALIZED_RESOURCES_FOLDER_PATH}/GoogleMaps.bundle",
			);
			runOnlyForDeploymentPostprocessing = 0;
			shellPath = /bin/sh;
			shellScript = "\"${SRCROOT}/Pods/Target Support Files/Pods-POIs/Pods-POIs-resources.sh\"\n";
			showEnvVarsInLog = 0;
		};
/* End PBXShellScriptBuildPhase section */

/* Begin PBXSourcesBuildPhase section */
		33B2B693217B418A00C3E887 /* Sources */ = {
			isa = PBXSourcesBuildPhase;
			buildActionMask = 2147483647;
			files = (
				334070BA217B92EF00A4C558 /* UIView.swift in Sources */,
				33674888217B70E00011725A /* OptionalValueBinder.swift in Sources */,
				33B2B69B217B418A00C3E887 /* AppDelegate.swift in Sources */,
				33674885217B70380011725A /* POIListViewModel.swift in Sources */,
				3367487E217B6A040011725A /* POIServiceApi.swift in Sources */,
				334070B1217B8C2400A4C558 /* POIMarker.swift in Sources */,
				33674877217B4F890011725A /* POI.swift in Sources */,
				3367487B217B60C50011725A /* ServiceRequester.swift in Sources */,
				3367488A217B74210011725A /* Factorable.swift in Sources */,
				33A21F89217B43D800CAA458 /* POIListViewController.swift in Sources */,
				33674882217B6E7E0011725A /* APIError.swift in Sources */,
				334070B5217B915300A4C558 /* POIMarkerView.swift in Sources */,
				334070BC217BA31800A4C558 /* GMSMarker.swift in Sources */,
			);
			runOnlyForDeploymentPostprocessing = 0;
		};
		33B2B6A7217B418B00C3E887 /* Sources */ = {
			isa = PBXSourcesBuildPhase;
			buildActionMask = 2147483647;
			files = (
				33B2B6B0217B418B00C3E887 /* POIsTests.swift in Sources */,
				334070C7217BAB0300A4C558 /* MockedPOIServiceApi.swift in Sources */,
				334070C5217BAA4400A4C558 /* POIListViewModelTest.swift in Sources */,
				334070C0217BA84700A4C558 /* POIServiceApiTest.swift in Sources */,
				334070C2217BA8ED00A4C558 /* MockedServiceRequester.swift in Sources */,
			);
			runOnlyForDeploymentPostprocessing = 0;
		};
		33B2B6B2217B418B00C3E887 /* Sources */ = {
			isa = PBXSourcesBuildPhase;
			buildActionMask = 2147483647;
			files = (
				33B2B6BB217B418B00C3E887 /* POIsUITests.swift in Sources */,
			);
			runOnlyForDeploymentPostprocessing = 0;
		};
/* End PBXSourcesBuildPhase section */

/* Begin PBXTargetDependency section */
		33B2B6AD217B418B00C3E887 /* PBXTargetDependency */ = {
			isa = PBXTargetDependency;
			target = 33B2B696217B418A00C3E887 /* POIs */;
			targetProxy = 33B2B6AC217B418B00C3E887 /* PBXContainerItemProxy */;
		};
		33B2B6B8217B418B00C3E887 /* PBXTargetDependency */ = {
			isa = PBXTargetDependency;
			target = 33B2B696217B418A00C3E887 /* POIs */;
			targetProxy = 33B2B6B7217B418B00C3E887 /* PBXContainerItemProxy */;
		};
/* End PBXTargetDependency section */

/* Begin PBXVariantGroup section */
		33B2B69E217B418A00C3E887 /* POIList.storyboard */ = {
			isa = PBXVariantGroup;
			children = (
				33B2B69F217B418A00C3E887 /* Base */,
			);
			name = POIList.storyboard;
			sourceTree = "<group>";
		};
		33B2B6A3217B418B00C3E887 /* LaunchScreen.storyboard */ = {
			isa = PBXVariantGroup;
			children = (
				33B2B6A4217B418B00C3E887 /* Base */,
			);
			name = LaunchScreen.storyboard;
			sourceTree = "<group>";
		};
/* End PBXVariantGroup section */

/* Begin XCBuildConfiguration section */
		33B2B6BD217B418B00C3E887 /* Debug */ = {
			isa = XCBuildConfiguration;
			buildSettings = {
				ALWAYS_SEARCH_USER_PATHS = NO;
				CLANG_ANALYZER_NONNULL = YES;
				CLANG_ANALYZER_NUMBER_OBJECT_CONVERSION = YES_AGGRESSIVE;
				CLANG_CXX_LANGUAGE_STANDARD = "gnu++14";
				CLANG_CXX_LIBRARY = "libc++";
				CLANG_ENABLE_MODULES = YES;
				CLANG_ENABLE_OBJC_ARC = YES;
				CLANG_ENABLE_OBJC_WEAK = YES;
				CLANG_WARN_BLOCK_CAPTURE_AUTORELEASING = YES;
				CLANG_WARN_BOOL_CONVERSION = YES;
				CLANG_WARN_COMMA = YES;
				CLANG_WARN_CONSTANT_CONVERSION = YES;
				CLANG_WARN_DEPRECATED_OBJC_IMPLEMENTATIONS = YES;
				CLANG_WARN_DIRECT_OBJC_ISA_USAGE = YES_ERROR;
				CLANG_WARN_DOCUMENTATION_COMMENTS = YES;
				CLANG_WARN_EMPTY_BODY = YES;
				CLANG_WARN_ENUM_CONVERSION = YES;
				CLANG_WARN_INFINITE_RECURSION = YES;
				CLANG_WARN_INT_CONVERSION = YES;
				CLANG_WARN_NON_LITERAL_NULL_CONVERSION = YES;
				CLANG_WARN_OBJC_IMPLICIT_RETAIN_SELF = YES;
				CLANG_WARN_OBJC_LITERAL_CONVERSION = YES;
				CLANG_WARN_OBJC_ROOT_CLASS = YES_ERROR;
				CLANG_WARN_RANGE_LOOP_ANALYSIS = YES;
				CLANG_WARN_STRICT_PROTOTYPES = YES;
				CLANG_WARN_SUSPICIOUS_MOVE = YES;
				CLANG_WARN_UNGUARDED_AVAILABILITY = YES_AGGRESSIVE;
				CLANG_WARN_UNREACHABLE_CODE = YES;
				CLANG_WARN__DUPLICATE_METHOD_MATCH = YES;
				CODE_SIGN_IDENTITY = "iPhone Developer";
				COPY_PHASE_STRIP = NO;
				DEBUG_INFORMATION_FORMAT = dwarf;
				ENABLE_STRICT_OBJC_MSGSEND = YES;
				ENABLE_TESTABILITY = YES;
				GCC_C_LANGUAGE_STANDARD = gnu11;
				GCC_DYNAMIC_NO_PIC = NO;
				GCC_NO_COMMON_BLOCKS = YES;
				GCC_OPTIMIZATION_LEVEL = 0;
				GCC_PREPROCESSOR_DEFINITIONS = (
					"DEBUG=1",
					"$(inherited)",
				);
				GCC_WARN_64_TO_32_BIT_CONVERSION = YES;
				GCC_WARN_ABOUT_RETURN_TYPE = YES_ERROR;
				GCC_WARN_UNDECLARED_SELECTOR = YES;
				GCC_WARN_UNINITIALIZED_AUTOS = YES_AGGRESSIVE;
				GCC_WARN_UNUSED_FUNCTION = YES;
				GCC_WARN_UNUSED_VARIABLE = YES;
				IPHONEOS_DEPLOYMENT_TARGET = 12.0;
				MTL_ENABLE_DEBUG_INFO = INCLUDE_SOURCE;
				MTL_FAST_MATH = YES;
				ONLY_ACTIVE_ARCH = YES;
				SDKROOT = iphoneos;
				SWIFT_ACTIVE_COMPILATION_CONDITIONS = DEBUG;
				SWIFT_OPTIMIZATION_LEVEL = "-Onone";
			};
			name = Debug;
		};
		33B2B6BE217B418B00C3E887 /* Release */ = {
			isa = XCBuildConfiguration;
			buildSettings = {
				ALWAYS_SEARCH_USER_PATHS = NO;
				CLANG_ANALYZER_NONNULL = YES;
				CLANG_ANALYZER_NUMBER_OBJECT_CONVERSION = YES_AGGRESSIVE;
				CLANG_CXX_LANGUAGE_STANDARD = "gnu++14";
				CLANG_CXX_LIBRARY = "libc++";
				CLANG_ENABLE_MODULES = YES;
				CLANG_ENABLE_OBJC_ARC = YES;
				CLANG_ENABLE_OBJC_WEAK = YES;
				CLANG_WARN_BLOCK_CAPTURE_AUTORELEASING = YES;
				CLANG_WARN_BOOL_CONVERSION = YES;
				CLANG_WARN_COMMA = YES;
				CLANG_WARN_CONSTANT_CONVERSION = YES;
				CLANG_WARN_DEPRECATED_OBJC_IMPLEMENTATIONS = YES;
				CLANG_WARN_DIRECT_OBJC_ISA_USAGE = YES_ERROR;
				CLANG_WARN_DOCUMENTATION_COMMENTS = YES;
				CLANG_WARN_EMPTY_BODY = YES;
				CLANG_WARN_ENUM_CONVERSION = YES;
				CLANG_WARN_INFINITE_RECURSION = YES;
				CLANG_WARN_INT_CONVERSION = YES;
				CLANG_WARN_NON_LITERAL_NULL_CONVERSION = YES;
				CLANG_WARN_OBJC_IMPLICIT_RETAIN_SELF = YES;
				CLANG_WARN_OBJC_LITERAL_CONVERSION = YES;
				CLANG_WARN_OBJC_ROOT_CLASS = YES_ERROR;
				CLANG_WARN_RANGE_LOOP_ANALYSIS = YES;
				CLANG_WARN_STRICT_PROTOTYPES = YES;
				CLANG_WARN_SUSPICIOUS_MOVE = YES;
				CLANG_WARN_UNGUARDED_AVAILABILITY = YES_AGGRESSIVE;
				CLANG_WARN_UNREACHABLE_CODE = YES;
				CLANG_WARN__DUPLICATE_METHOD_MATCH = YES;
				CODE_SIGN_IDENTITY = "iPhone Developer";
				COPY_PHASE_STRIP = NO;
				DEBUG_INFORMATION_FORMAT = "dwarf-with-dsym";
				ENABLE_NS_ASSERTIONS = NO;
				ENABLE_STRICT_OBJC_MSGSEND = YES;
				GCC_C_LANGUAGE_STANDARD = gnu11;
				GCC_NO_COMMON_BLOCKS = YES;
				GCC_WARN_64_TO_32_BIT_CONVERSION = YES;
				GCC_WARN_ABOUT_RETURN_TYPE = YES_ERROR;
				GCC_WARN_UNDECLARED_SELECTOR = YES;
				GCC_WARN_UNINITIALIZED_AUTOS = YES_AGGRESSIVE;
				GCC_WARN_UNUSED_FUNCTION = YES;
				GCC_WARN_UNUSED_VARIABLE = YES;
				IPHONEOS_DEPLOYMENT_TARGET = 12.0;
				MTL_ENABLE_DEBUG_INFO = NO;
				MTL_FAST_MATH = YES;
				SDKROOT = iphoneos;
				SWIFT_COMPILATION_MODE = wholemodule;
				SWIFT_OPTIMIZATION_LEVEL = "-O";
				VALIDATE_PRODUCT = YES;
			};
			name = Release;
		};
		33B2B6C0217B418B00C3E887 /* Debug */ = {
			isa = XCBuildConfiguration;
			baseConfigurationReference = 483172D35F4EBBD13F17486C /* Pods-POIs.debug.xcconfig */;
			buildSettings = {
				ASSETCATALOG_COMPILER_APPICON_NAME = AppIcon;
				CLANG_ENABLE_MODULES = YES;
				CODE_SIGN_STYLE = Automatic;
				INFOPLIST_FILE = POIs/Info.plist;
				LD_RUNPATH_SEARCH_PATHS = (
					"$(inherited)",
					"@executable_path/Frameworks",
				);
				PRODUCT_BUNDLE_IDENTIFIER = com.levantAJ.POIs;
				PRODUCT_NAME = "$(TARGET_NAME)";
				SWIFT_OBJC_BRIDGING_HEADER = "";
				SWIFT_OPTIMIZATION_LEVEL = "-Onone";
				SWIFT_VERSION = 4.2;
				TARGETED_DEVICE_FAMILY = "1,2";
				USER_HEADER_SEARCH_PATHS = "";
			};
			name = Debug;
		};
		33B2B6C1217B418B00C3E887 /* Release */ = {
			isa = XCBuildConfiguration;
			baseConfigurationReference = 90020A228E30686A5B9D2E29 /* Pods-POIs.release.xcconfig */;
			buildSettings = {
				ASSETCATALOG_COMPILER_APPICON_NAME = AppIcon;
				CLANG_ENABLE_MODULES = YES;
				CODE_SIGN_STYLE = Automatic;
				INFOPLIST_FILE = POIs/Info.plist;
				LD_RUNPATH_SEARCH_PATHS = (
					"$(inherited)",
					"@executable_path/Frameworks",
				);
				PRODUCT_BUNDLE_IDENTIFIER = com.levantAJ.POIs;
				PRODUCT_NAME = "$(TARGET_NAME)";
				SWIFT_OBJC_BRIDGING_HEADER = "";
				SWIFT_VERSION = 4.2;
				TARGETED_DEVICE_FAMILY = "1,2";
				USER_HEADER_SEARCH_PATHS = "";
			};
			name = Release;
		};
		33B2B6C3217B418B00C3E887 /* Debug */ = {
			isa = XCBuildConfiguration;
			baseConfigurationReference = D0CA897C0820F6F616A2096E /* Pods-POIsTests.debug.xcconfig */;
			buildSettings = {
				ALWAYS_EMBED_SWIFT_STANDARD_LIBRARIES = YES;
				BUNDLE_LOADER = "$(TEST_HOST)";
				CODE_SIGN_STYLE = Automatic;
				INFOPLIST_FILE = POIsTests/Info.plist;
				LD_RUNPATH_SEARCH_PATHS = (
					"$(inherited)",
					"@executable_path/Frameworks",
					"@loader_path/Frameworks",
				);
				PRODUCT_BUNDLE_IDENTIFIER = com.levantAJ.POIsTests;
				PRODUCT_NAME = "$(TARGET_NAME)";
				SWIFT_VERSION = 4.2;
				TARGETED_DEVICE_FAMILY = "1,2";
				TEST_HOST = "$(BUILT_PRODUCTS_DIR)/POIs.app/POIs";
			};
			name = Debug;
		};
		33B2B6C4217B418B00C3E887 /* Release */ = {
			isa = XCBuildConfiguration;
			baseConfigurationReference = 5A9307EF25D82D09A6203200 /* Pods-POIsTests.release.xcconfig */;
			buildSettings = {
				ALWAYS_EMBED_SWIFT_STANDARD_LIBRARIES = YES;
				BUNDLE_LOADER = "$(TEST_HOST)";
				CODE_SIGN_STYLE = Automatic;
				INFOPLIST_FILE = POIsTests/Info.plist;
				LD_RUNPATH_SEARCH_PATHS = (
					"$(inherited)",
					"@executable_path/Frameworks",
					"@loader_path/Frameworks",
				);
				PRODUCT_BUNDLE_IDENTIFIER = com.levantAJ.POIsTests;
				PRODUCT_NAME = "$(TARGET_NAME)";
				SWIFT_VERSION = 4.2;
				TARGETED_DEVICE_FAMILY = "1,2";
				TEST_HOST = "$(BUILT_PRODUCTS_DIR)/POIs.app/POIs";
			};
			name = Release;
		};
		33B2B6C6217B418B00C3E887 /* Debug */ = {
			isa = XCBuildConfiguration;
			baseConfigurationReference = 91E4415CC50A3EEFB60B52AB /* Pods-POIsUITests.debug.xcconfig */;
			buildSettings = {
				ALWAYS_EMBED_SWIFT_STANDARD_LIBRARIES = YES;
				CODE_SIGN_STYLE = Automatic;
				INFOPLIST_FILE = POIsUITests/Info.plist;
				LD_RUNPATH_SEARCH_PATHS = (
					"$(inherited)",
					"@executable_path/Frameworks",
					"@loader_path/Frameworks",
				);
				PRODUCT_BUNDLE_IDENTIFIER = com.levantAJ.POIsUITests;
				PRODUCT_NAME = "$(TARGET_NAME)";
				SWIFT_VERSION = 4.2;
				TARGETED_DEVICE_FAMILY = "1,2";
				TEST_TARGET_NAME = POIs;
			};
			name = Debug;
		};
		33B2B6C7217B418B00C3E887 /* Release */ = {
			isa = XCBuildConfiguration;
			baseConfigurationReference = 7D8ED7AF85EC702FDD328EA8 /* Pods-POIsUITests.release.xcconfig */;
			buildSettings = {
				ALWAYS_EMBED_SWIFT_STANDARD_LIBRARIES = YES;
				CODE_SIGN_STYLE = Automatic;
				INFOPLIST_FILE = POIsUITests/Info.plist;
				LD_RUNPATH_SEARCH_PATHS = (
					"$(inherited)",
					"@executable_path/Frameworks",
					"@loader_path/Frameworks",
				);
				PRODUCT_BUNDLE_IDENTIFIER = com.levantAJ.POIsUITests;
				PRODUCT_NAME = "$(TARGET_NAME)";
				SWIFT_VERSION = 4.2;
				TARGETED_DEVICE_FAMILY = "1,2";
				TEST_TARGET_NAME = POIs;
			};
			name = Release;
		};
/* End XCBuildConfiguration section */

/* Begin XCConfigurationList section */
		33B2B692217B418A00C3E887 /* Build configuration list for PBXProject "POIs" */ = {
			isa = XCConfigurationList;
			buildConfigurations = (
				33B2B6BD217B418B00C3E887 /* Debug */,
				33B2B6BE217B418B00C3E887 /* Release */,
			);
			defaultConfigurationIsVisible = 0;
			defaultConfigurationName = Release;
		};
		33B2B6BF217B418B00C3E887 /* Build configuration list for PBXNativeTarget "POIs" */ = {
			isa = XCConfigurationList;
			buildConfigurations = (
				33B2B6C0217B418B00C3E887 /* Debug */,
				33B2B6C1217B418B00C3E887 /* Release */,
			);
			defaultConfigurationIsVisible = 0;
			defaultConfigurationName = Release;
		};
		33B2B6C2217B418B00C3E887 /* Build configuration list for PBXNativeTarget "POIsTests" */ = {
			isa = XCConfigurationList;
			buildConfigurations = (
				33B2B6C3217B418B00C3E887 /* Debug */,
				33B2B6C4217B418B00C3E887 /* Release */,
			);
			defaultConfigurationIsVisible = 0;
			defaultConfigurationName = Release;
		};
		33B2B6C5217B418B00C3E887 /* Build configuration list for PBXNativeTarget "POIsUITests" */ = {
			isa = XCConfigurationList;
			buildConfigurations = (
				33B2B6C6217B418B00C3E887 /* Debug */,
				33B2B6C7217B418B00C3E887 /* Release */,
			);
			defaultConfigurationIsVisible = 0;
			defaultConfigurationName = Release;
		};
/* End XCConfigurationList section */
	};
	rootObject = 33B2B68F217B418A00C3E887 /* Project object */;
}
